
Microsoft Visual Studio Solution File, Format Version 12.00
# Visual Studio Version 16
VisualStudioVersion = 16.0.29411.138
MinimumVisualStudioVersion = 10.0.40219.1
Project("{FAE04EC0-301F-11D3-BF4B-00C04F79EFBC}") = "TrippinExercise", "TrippinExercise.csproj", "{F6EE6520-E212-4C32-A7D1-0CF220128C2C}"
EndProject
Global
	GlobalSection(SolutionConfigurationPlatforms) = preSolution
		Debug|Any CPU = Debug|Any CPU
		Release|Any CPU = Release|Any CPU
	EndGlobalSection
	GlobalSection(ProjectConfigurationPlatforms) = postSolution
		{F6EE6520-E212-4C32-A7D1-0CF220128C2C}.Debug|Any CPU.ActiveCfg = Debug|Any CPU
		{F6EE6520-E212-4C32-A7D1-0CF220128C2C}.Debug|Any CPU.Build.0 = Debug|Any CPU
		{F6EE6520-E212-4C32-A7D1-0CF220128C2C}.Release|Any CPU.ActiveCfg = Release|Any CPU
		{F6EE6520-E212-4C32-A7D1-0CF220128C2C}.Release|Any CPU.Build.0 = Release|Any CPU
	EndGlobalSection
	GlobalSection(SolutionProperties) = preSolution
		HideSolutionNode = FALSE
	EndGlobalSection
	GlobalSection(ExtensibilityGlobals) = postSolution
		SolutionGuid = {31B24A76-3254-4E24-809C-D53F350AD582}
	EndGlobalSection
EndGlobal
